
Microsoft Visual Studio Solution File, Format Version 12.00
# Visual Studio 14
VisualStudioVersion = 14.0.23107.0
MinimumVisualStudioVersion = 10.0.40219.1
Project("{2150E333-8FDC-42A3-9474-1A3956D46DE8}") = "Data", "Data", "{8D26EA0E-932D-4F1F-80FF-25016501A99E}"
EndProject
Project("{2150E333-8FDC-42A3-9474-1A3956D46DE8}") = "GUI", "GUI", "{20DD2DC3-741D-4148-9467-B45CB12FEC47}"
EndProject
Project("{2150E333-8FDC-42A3-9474-1A3956D46DE8}") = "Services", "Services", "{A95DD42F-CA89-4600-87C5-B0ABFF985FF8}"
EndProject
Project("{FAE04EC0-301F-11D3-BF4B-00C04F79EFBC}") = "DAL", "DAL\DAL.csproj", "{9B950239-50B7-488E-A651-741DF4C581E4}"
EndProject
Project("{FAE04EC0-301F-11D3-BF4B-00C04F79EFBC}") = "WebApi", "WebApi\WebApi.csproj", "{642BDEEC-5FAD-40FE-9077-4419F88C70D1}"
EndProject
Project("{FAE04EC0-301F-11D3-BF4B-00C04F79EFBC}") = "WebApi.Tests", "WebApi.Tests\WebApi.Tests.csproj", "{E6AFFE40-47A2-4148-B2D2-75D121F5AB2C}"
EndProject
Project("{FAE04EC0-301F-11D3-BF4B-00C04F79EFBC}") = "BusinessLogic", "BusinessLogic\BusinessLogic.csproj", "{D14B22CA-87F6-4FE0-9888-4144DDCA87C2}"
EndProject
Project("{FAE04EC0-301F-11D3-BF4B-00C04F79EFBC}") = "Entity", "Entity\Entity.csproj", "{D5912B42-235C-465C-B9D3-26C26849F3B3}"
EndProject
Global
	GlobalSection(SolutionConfigurationPlatforms) = preSolution
		Debug|Any CPU = Debug|Any CPU
		Release|Any CPU = Release|Any CPU
	EndGlobalSection
	GlobalSection(ProjectConfigurationPlatforms) = postSolution
		{9B950239-50B7-488E-A651-741DF4C581E4}.Debug|Any CPU.ActiveCfg = Debug|Any CPU
		{9B950239-50B7-488E-A651-741DF4C581E4}.Debug|Any CPU.Build.0 = Debug|Any CPU
		{9B950239-50B7-488E-A651-741DF4C581E4}.Release|Any CPU.ActiveCfg = Release|Any CPU
		{9B950239-50B7-488E-A651-741DF4C581E4}.Release|Any CPU.Build.0 = Release|Any CPU
		{642BDEEC-5FAD-40FE-9077-4419F88C70D1}.Debug|Any CPU.ActiveCfg = Debug|Any CPU
		{642BDEEC-5FAD-40FE-9077-4419F88C70D1}.Debug|Any CPU.Build.0 = Debug|Any CPU
		{642BDEEC-5FAD-40FE-9077-4419F88C70D1}.Release|Any CPU.ActiveCfg = Release|Any CPU
		{642BDEEC-5FAD-40FE-9077-4419F88C70D1}.Release|Any CPU.Build.0 = Release|Any CPU
		{E6AFFE40-47A2-4148-B2D2-75D121F5AB2C}.Debug|Any CPU.ActiveCfg = Debug|Any CPU
		{E6AFFE40-47A2-4148-B2D2-75D121F5AB2C}.Debug|Any CPU.Build.0 = Debug|Any CPU
		{E6AFFE40-47A2-4148-B2D2-75D121F5AB2C}.Release|Any CPU.ActiveCfg = Release|Any CPU
		{E6AFFE40-47A2-4148-B2D2-75D121F5AB2C}.Release|Any CPU.Build.0 = Release|Any CPU
		{D14B22CA-87F6-4FE0-9888-4144DDCA87C2}.Debug|Any CPU.ActiveCfg = Debug|Any CPU
		{D14B22CA-87F6-4FE0-9888-4144DDCA87C2}.Debug|Any CPU.Build.0 = Debug|Any CPU
		{D14B22CA-87F6-4FE0-9888-4144DDCA87C2}.Release|Any CPU.ActiveCfg = Release|Any CPU
		{D14B22CA-87F6-4FE0-9888-4144DDCA87C2}.Release|Any CPU.Build.0 = Release|Any CPU
		{D5912B42-235C-465C-B9D3-26C26849F3B3}.Debug|Any CPU.ActiveCfg = Debug|Any CPU
		{D5912B42-235C-465C-B9D3-26C26849F3B3}.Debug|Any CPU.Build.0 = Debug|Any CPU
		{D5912B42-235C-465C-B9D3-26C26849F3B3}.Release|Any CPU.ActiveCfg = Release|Any CPU
		{D5912B42-235C-465C-B9D3-26C26849F3B3}.Release|Any CPU.Build.0 = Release|Any CPU
	EndGlobalSection
	GlobalSection(SolutionProperties) = preSolution
		HideSolutionNode = FALSE
	EndGlobalSection
	GlobalSection(NestedProjects) = preSolution
		{9B950239-50B7-488E-A651-741DF4C581E4} = {8D26EA0E-932D-4F1F-80FF-25016501A99E}
		{642BDEEC-5FAD-40FE-9077-4419F88C70D1} = {A95DD42F-CA89-4600-87C5-B0ABFF985FF8}
		{E6AFFE40-47A2-4148-B2D2-75D121F5AB2C} = {A95DD42F-CA89-4600-87C5-B0ABFF985FF8}
		{D14B22CA-87F6-4FE0-9888-4144DDCA87C2} = {8D26EA0E-932D-4F1F-80FF-25016501A99E}
		{D5912B42-235C-465C-B9D3-26C26849F3B3} = {8D26EA0E-932D-4F1F-80FF-25016501A99E}
	EndGlobalSection
EndGlobal
